{
  "name": "editable-design-font-kit",
  "version": "0.1.0",
  "lockfileVersion": 3,
  "requires": true,
  "packages": {
    "": {
      "name": "editable-design-font-kit",
      "version": "0.1.0",
      "license": "Apache-2.0",
      "dependencies": {
        "@fontsource-variable/bodoni-moda": "5.3.0",
        "@fontsource-variable/fraunces": "5.3.0",
        "@fontsource-variable/instrument-sans": "5.3.0",
        "@fontsource-variable/noto-sans-sc": "5.3.0",
        "@fontsource-variable/noto-serif-sc": "5.3.0",
        "@fontsource-variable/roboto-condensed": "5.3.0",
        "@fontsource-variable/space-grotesk": "5.3.0",
        "@fontsource-variable/unbounded": "5.3.0",
        "@fontsource/ma-shan-zheng": "5.3.1",
        "@fontsource/zcool-xiaowei": "5.3.0"
      }
    },
    "node_modules/@fontsource-variable/bodoni-moda": {
      "version": "5.3.0",
      "resolved": "https://registry.npmjs.org/@fontsource-variable/bodoni-moda/-/bodoni-moda-5.3.0.tgz",
      "integrity": "sha512-yTDXk4+/J8I20KjtkHBbXDQNeE5PR3BZa0gv/YRza+kyxsz+mmg0la/n/hsr6+WvSfVP7Lc8lRTjHGIYwBW43A==",
      "license": "OFL-1.1",
      "funding": {
        "url": "https://github.com/sponsors/ayuhito"
      }
    },
    "node_modules/@fontsource-variable/fraunces": {
      "version": "5.3.0",
      "resolved": "https://registry.npmjs.org/@fontsource-variable/fraunces/-/fraunces-5.3.0.tgz",
      "integrity": "sha512-9BYGySn4AHEJdgp9Z28tQ3X+laJMEOITXkQarZXeloWQZDq5oOvXJ3kDA8c7MGIfpogIaZfjrQBqmda8POOCKA==",
      "license": "OFL-1.1",
      "funding": {
        "url": "https://github.com/sponsors/ayuhito"
      }
    },
    "node_modules/@fontsource-variable/instrument-sans": {
      "version": "5.3.0",
      "resolved": "https://registry.npmjs.org/@fontsource-variable/instrument-sans/-/instrument-sans-5.3.0.tgz",
      "integrity": "sha512-u4gKbDBTNFGkg997tfQn3eHOhHuquWUFTRT/rwzuKtrxX5P2ekfs2x+LgBPP4P32+cC+vUwF1Cr+IdRoPQbrGw==",
      "license": "OFL-1.1",
      "funding": {
        "url": "https://github.com/sponsors/ayuhito"
      }
    },
    "node_modules/@fontsource-variable/noto-sans-sc": {
      "version": "5.3.0",
      "resolved": "https://registry.npmjs.org/@fontsource-variable/noto-sans-sc/-/noto-sans-sc-5.3.0.tgz",
      "integrity": "sha512-lNar1dF7Ik/lHNPo/7JWG0TolXY29LtsqYgMvEysooZ5bsO9uH4shJmRrwyJ3PjyTPljhpMJEK0jDuLSU4vJ1w==",
      "license": "OFL-1.1",
      "funding": {
        "url": "https://github.com/sponsors/ayuhito"
      }
    },
    "node_modules/@fontsource-variable/noto-serif-sc": {
      "version": "5.3.0",
      "resolved": "https://registry.npmjs.org/@fontsource-variable/noto-serif-sc/-/noto-serif-sc-5.3.0.tgz",
      "integrity": "sha512-7LcN2NEf4HDjoSkGWc79WqDDyMK8JvSPdA/gsHjJpZ8l9A9mcK/GQTazp3klmkBwJooy0eqeNvlmaZFXPupHrA==",
      "license": "OFL-1.1",
      "funding": {
        "url": "https://github.com/sponsors/ayuhito"
      }
    },
    "node_modules/@fontsource-variable/roboto-condensed": {
      "version": "5.3.0",
      "resolved": "https://registry.npmjs.org/@fontsource-variable/roboto-condensed/-/roboto-condensed-5.3.0.tgz",
      "integrity": "sha512-RpYyF6G0h0nsVcCDLRIbZbK+l8cVDoe1PVbzvzVhtLzCiPqIEEGDs9xB9ZWPJawKS4bJzpKn42KgZFISF/AOuQ==",
      "license": "OFL-1.1",
      "funding": {
        "url": "https://github.com/sponsors/ayuhito"
      }
    },
    "node_modules/@fontsource-variable/space-grotesk": {
      "version": "5.3.0",
      "resolved": "https://registry.npmjs.org/@fontsource-variable/space-grotesk/-/space-grotesk-5.3.0.tgz",
      "integrity": "sha512-2IxmvfB08i9vnGB3Ym/AXvhRE+8XOjWMXIyDum03c+tPwH0FUoMNQfGpU8NXPxjbws0Vvss3AH0Zqt4oJBBAdw==",
      "license": "OFL-1.1",
      "funding": {
        "url": "https://github.com/sponsors/ayuhito"
      }
    },
    "node_modules/@fontsource-variable/unbounded": {
      "version": "5.3.0",
      "resolved": "https://registry.npmjs.org/@fontsource-variable/unbounded/-/unbounded-5.3.0.tgz",
      "integrity": "sha512-ea565Ncn4r7gPdBEHcmaF31V11hDfkL7b/JCklLobQbMfbu2ZZQrVWNgdeEFWFLqNh36yhieZWOgxdAnMTzrLg==",
      "license": "OFL-1.1",
      "funding": {
        "url": "https://github.com/sponsors/ayuhito"
      }
    },
    "node_modules/@fontsource/ma-shan-zheng": {
      "version": "5.3.1",
      "resolved": "https://registry.npmjs.org/@fontsource/ma-shan-zheng/-/ma-shan-zheng-5.3.1.tgz",
      "integrity": "sha512-cGGn7Yje2RSduXVxEk+rCfNZyD/T/7FMGj03LNPiK8TRL9Sing0tq1zJF3n+W29szPqgb2RNs5oIvmm+ikeI+Q==",
      "license": "OFL-1.1",
      "funding": {
        "url": "https://github.com/sponsors/ayuhito"
      }
    },
    "node_modules/@fontsource/zcool-xiaowei": {
      "version": "5.3.0",
      "resolved": "https://registry.npmjs.org/@fontsource/zcool-xiaowei/-/zcool-xiaowei-5.3.0.tgz",
      "integrity": "sha512-iRuUPl9ONFbYzi6JcEshpE4VedINyzQ4hv0Z5XEt0cB0pMPiQeqc2Qvv1NwJCNzkPwG02VCdcO+cF2K8ylYn2A==",
      "license": "OFL-1.1",
      "funding": {
        "url": "https://github.com/sponsors/ayuhito"
      }
    }
  }
}
